<?xml version="1.0" encoding="utf-8"?>
<Project ToolsVersion="4.0" xmlns="http://schemas.microsoft.com/developer/msbuild/2003">
  <ItemGroup>
    <Filter Include="Resource Files">
      <UniqueIdentifier>{67DA6AB6-F800-4c08-8B7A-83BB121AAD01}</UniqueIdentifier>
      <Extensions>rc;ico;cur;bmp;dlg;rc2;rct;bin;rgs;gif;jpg;jpeg;jpe;resx;tiff;tif;png;wav;mfcribbon-ms</Extensions>
    </Filter>
    <Filter Include="ProtoLib">
      <UniqueIdentifier>{e1283767-e9b8-401b-a7f6-d54df3b5ed1c}</UniqueIdentifier>
    </Filter>
    <Filter Include="ProtoLib\src">
      <UniqueIdentifier>{4f0a94f1-3142-4fed-8a16-3bb085809801}</UniqueIdentifier>
    </Filter>
    <Filter Include="ProtoLib\include">
      <UniqueIdentifier>{f86afd41-f87c-4d73-893e-604ac4935839}</UniqueIdentifier>
    </Filter>
  </ItemGroup>
  <ItemGroup>
    <ClCompile Include="..\..\ProtoSrc\ProtoBaseApp.cpp">
      <Filter>ProtoLib\src</Filter>
    </ClCompile>
    <ClCompile Include="..\..\ProtoSrc\ProtoBlock.cpp">
      <Filter>ProtoLib\src</Filter>
    </ClCompile>
    <ClCompile Include="..\..\ProtoSrc\ProtoCamera.cpp">
      <Filter>ProtoLib\src</Filter>
    </ClCompile>
    <ClCompile Include="..\..\ProtoSrc\ProtoCephalopod.cpp">
      <Filter>ProtoLib\src</Filter>
    </ClCompile>
    <ClCompile Include="..\..\ProtoSrc\ProtoCilia.cpp">
      <Filter>ProtoLib\src</Filter>
    </ClCompile>
    <ClCompile Include="..\..\ProtoSrc\ProtoCurve3.cpp">
      <Filter>ProtoLib\src</Filter>
    </ClCompile>
    <ClCompile Include="..\..\ProtoSrc\ProtoCylinder.cpp">
      <Filter>ProtoLib\src</Filter>
    </ClCompile>
    <ClCompile Include="..\..\ProtoSrc\ProtoEllipse.cpp">
      <Filter>ProtoLib\src</Filter>
    </ClCompile>
    <ClCompile Include="..\..\ProtoSrc\ProtoFace3.cpp">
      <Filter>ProtoLib\src</Filter>
    </ClCompile>
    <ClCompile Include="..\..\ProtoSrc\ProtoFrenetFrame.cpp">
      <Filter>ProtoLib\src</Filter>
    </ClCompile>
    <ClCompile Include="..\..\ProtoSrc\ProtoGeom2.cpp">
      <Filter>ProtoLib\src</Filter>
    </ClCompile>
    <ClCompile Include="..\..\ProtoSrc\ProtoGeom3.cpp">
      <Filter>ProtoLib\src</Filter>
    </ClCompile>
    <ClCompile Include="..\..\ProtoSrc\ProtoGeosphere.cpp">
      <Filter>ProtoLib\src</Filter>
    </ClCompile>
    <ClCompile Include="..\..\ProtoSrc\ProtoGroundPlane.cpp">
      <Filter>ProtoLib\src</Filter>
    </ClCompile>
    <ClCompile Include="..\..\ProtoSrc\ProtoJuncusEffusus.cpp">
      <Filter>ProtoLib\src</Filter>
    </ClCompile>
    <ClCompile Include="..\..\ProtoSrc\ProtoLight.cpp">
      <Filter>ProtoLib\src</Filter>
    </ClCompile>
    <ClCompile Include="..\..\ProtoSrc\ProtoMath.cpp">
      <Filter>ProtoLib\src</Filter>
    </ClCompile>
    <ClCompile Include="..\..\ProtoSrc\ProtoPath2.cpp">
      <Filter>ProtoLib\src</Filter>
    </ClCompile>
    <ClCompile Include="..\..\ProtoSrc\ProtoPath3.cpp">
      <Filter>ProtoLib\src</Filter>
    </ClCompile>
    <ClCompile Include="..\..\ProtoSrc\ProtoPlane.cpp">
      <Filter>ProtoLib\src</Filter>
    </ClCompile>
    <ClCompile Include="..\..\ProtoSrc\ProtoPlasm.cpp">
      <Filter>ProtoLib\src</Filter>
    </ClCompile>
    <ClCompile Include="..\..\ProtoSrc\ProtoQuaternion.cpp">
      <Filter>ProtoLib\src</Filter>
    </ClCompile>
    <ClCompile Include="..\..\ProtoSrc\ProtoRenderer.cpp">
      <Filter>ProtoLib\src</Filter>
    </ClCompile>
    <ClCompile Include="..\..\ProtoSrc\ProtoRootBall.cpp">
      <Filter>ProtoLib\src</Filter>
    </ClCompile>
    <ClCompile Include="..\..\ProtoSrc\ProtoShader.cpp">
      <Filter>ProtoLib\src</Filter>
    </ClCompile>
    <ClCompile Include="..\..\ProtoSrc\ProtoShape3.cpp">
      <Filter>ProtoLib\src</Filter>
    </ClCompile>
    <ClCompile Include="..\..\ProtoSrc\ProtoSphere.cpp">
      <Filter>ProtoLib\src</Filter>
    </ClCompile>
    <ClCompile Include="..\..\ProtoSrc\ProtoSpline3.cpp">
      <Filter>ProtoLib\src</Filter>
    </ClCompile>
    <ClCompile Include="..\..\ProtoSrc\ProtoTentacle.cpp">
      <Filter>ProtoLib\src</Filter>
    </ClCompile>
    <ClCompile Include="..\..\ProtoSrc\ProtoTessellator.cpp">
      <Filter>ProtoLib\src</Filter>
    </ClCompile>
    <ClCompile Include="..\..\ProtoSrc\ProtoTexture.cpp">
      <Filter>ProtoLib\src</Filter>
    </ClCompile>
    <ClCompile Include="..\..\ProtoSrc\ProtoToroid.cpp">
      <Filter>ProtoLib\src</Filter>
    </ClCompile>
    <ClCompile Include="..\..\ProtoSrc\ProtoTransformFunction.cpp">
      <Filter>ProtoLib\src</Filter>
    </ClCompile>
    <ClCompile Include="..\..\ProtoSrc\ProtoTube.cpp">
      <Filter>ProtoLib\src</Filter>
    </ClCompile>
    <ClCompile Include="..\..\ProtoSrc\ProtoUtility.cpp">
      <Filter>ProtoLib\src</Filter>
    </ClCompile>
    <ClCompile Include="..\..\ProtoSrc\ProtoVerletBall.cpp">
      <Filter>ProtoLib\src</Filter>
    </ClCompile>
    <ClCompile Include="..\..\ProtoSrc\ProtoVerletStick.cpp">
      <Filter>ProtoLib\src</Filter>
    </ClCompile>
    <ClCompile Include="..\..\ProtoSrc\ProtoVertex3.cpp">
      <Filter>ProtoLib\src</Filter>
    </ClCompile>
    <ClCompile Include="..\..\ProtoSrc\ProtoWorld.cpp">
      <Filter>ProtoLib\src</Filter>
    </ClCompile>
    <ClCompile Include="ProtoController.cpp" />
    <ClCompile Include="ProtoMain.cpp" />
    <ClCompile Include="..\..\ProtoSrc\ProtoContext.cpp">
      <Filter>ProtoLib\src</Filter>
    </ClCompile>
    <ClCompile Include="..\..\ProtoSrc\ProtoGeomComposite.cpp">
      <Filter>ProtoLib\src</Filter>
    </ClCompile>
  </ItemGroup>
  <ItemGroup>
    <ClInclude Include="..\..\ProtoInclude\ProtoWorld.h">
      <Filter>ProtoLib\include</Filter>
    </ClInclude>
    <ClInclude Include="..\..\ProtoInclude\ProtoBaseApp.h">
      <Filter>ProtoLib\include</Filter>
    </ClInclude>
    <ClInclude Include="..\..\ProtoInclude\ProtoBlock.h">
      <Filter>ProtoLib\include</Filter>
    </ClInclude>
    <ClInclude Include="..\..\ProtoInclude\ProtoBounds.h">
      <Filter>ProtoLib\include</Filter>
    </ClInclude>
    <ClInclude Include="..\..\ProtoInclude\ProtoCamera.h">
      <Filter>ProtoLib\include</Filter>
    </ClInclude>
    <ClInclude Include="..\..\ProtoInclude\ProtoCephalopod.h">
      <Filter>ProtoLib\include</Filter>
    </ClInclude>
    <ClInclude Include="..\..\ProtoInclude\ProtoCilia.h">
      <Filter>ProtoLib\include</Filter>
    </ClInclude>
    <ClInclude Include="..\..\ProtoInclude\ProtoColor3.h">
      <Filter>ProtoLib\include</Filter>
    </ClInclude>
    <ClInclude Include="..\..\ProtoInclude\ProtoColor4.h">
      <Filter>ProtoLib\include</Filter>
    </ClInclude>
    <ClInclude Include="..\..\ProtoInclude\ProtoCore.h">
      <Filter>ProtoLib\include</Filter>
    </ClInclude>
    <ClInclude Include="..\..\ProtoInclude\ProtoCurve3.h">
      <Filter>ProtoLib\include</Filter>
    </ClInclude>
    <ClInclude Include="..\..\ProtoInclude\ProtoCylinder.h">
      <Filter>ProtoLib\include</Filter>
    </ClInclude>
    <ClInclude Include="..\..\ProtoInclude\ProtoDimension2.h">
      <Filter>ProtoLib\include</Filter>
    </ClInclude>
    <ClInclude Include="..\..\ProtoInclude\ProtoDimension3.h">
      <Filter>ProtoLib\include</Filter>
    </ClInclude>
    <ClInclude Include="..\..\ProtoInclude\ProtoEllipse.h">
      <Filter>ProtoLib\include</Filter>
    </ClInclude>
    <ClInclude Include="..\..\ProtoInclude\ProtoFace3.h">
      <Filter>ProtoLib\include</Filter>
    </ClInclude>
    <ClInclude Include="..\..\ProtoInclude\ProtoFrenetFrame.h">
      <Filter>ProtoLib\include</Filter>
    </ClInclude>
    <ClInclude Include="..\..\ProtoInclude\ProtoGeom2.h">
      <Filter>ProtoLib\include</Filter>
    </ClInclude>
    <ClInclude Include="..\..\ProtoInclude\ProtoGeom3.h">
      <Filter>ProtoLib\include</Filter>
    </ClInclude>
    <ClInclude Include="..\..\ProtoInclude\ProtoGeomSet.h">
      <Filter>ProtoLib\include</Filter>
    </ClInclude>
    <ClInclude Include="..\..\ProtoInclude\ProtoGeosphere.h">
      <Filter>ProtoLib\include</Filter>
    </ClInclude>
    <ClInclude Include="..\..\ProtoInclude\ProtoGroundPlane.h">
      <Filter>ProtoLib\include</Filter>
    </ClInclude>
    <ClInclude Include="..\..\ProtoInclude\ProtoJuncusEffusus.h">
      <Filter>ProtoLib\include</Filter>
    </ClInclude>
    <ClInclude Include="..\..\ProtoInclude\ProtoLight.h">
      <Filter>ProtoLib\include</Filter>
    </ClInclude>
    <ClInclude Include="..\..\ProtoInclude\ProtoMath.h">
      <Filter>ProtoLib\include</Filter>
    </ClInclude>
    <ClInclude Include="..\..\ProtoInclude\ProtoMatrix2.h">
      <Filter>ProtoLib\include</Filter>
    </ClInclude>
    <ClInclude Include="..\..\ProtoInclude\ProtoMatrix3.h">
      <Filter>ProtoLib\include</Filter>
    </ClInclude>
    <ClInclude Include="..\..\ProtoInclude\ProtoMatrix4.h">
      <Filter>ProtoLib\include</Filter>
    </ClInclude>
    <ClInclude Include="..\..\ProtoInclude\ProtoPath2.h">
      <Filter>ProtoLib\include</Filter>
    </ClInclude>
    <ClInclude Include="..\..\ProtoInclude\ProtoPath3.h">
      <Filter>ProtoLib\include</Filter>
    </ClInclude>
    <ClInclude Include="..\..\ProtoInclude\ProtoPlane.h">
      <Filter>ProtoLib\include</Filter>
    </ClInclude>
    <ClInclude Include="..\..\ProtoInclude\ProtoPlasm.h">
      <Filter>ProtoLib\include</Filter>
    </ClInclude>
    <ClInclude Include="..\..\ProtoInclude\ProtoPoint2.h">
      <Filter>ProtoLib\include</Filter>
    </ClInclude>
    <ClInclude Include="..\..\ProtoInclude\ProtoPoint3.h">
      <Filter>ProtoLib\include</Filter>
    </ClInclude>
    <ClInclude Include="..\..\ProtoInclude\ProtoQuaternion.h">
      <Filter>ProtoLib\include</Filter>
    </ClInclude>
    <ClInclude Include="..\..\ProtoInclude\ProtoRenderer.h">
      <Filter>ProtoLib\include</Filter>
    </ClInclude>
    <ClInclude Include="..\..\ProtoInclude\ProtoRootBall.h">
      <Filter>ProtoLib\include</Filter>
    </ClInclude>
    <ClInclude Include="..\..\ProtoInclude\ProtoShader.h">
      <Filter>ProtoLib\include</Filter>
    </ClInclude>
    <ClInclude Include="..\..\ProtoInclude\ProtoShape3.h">
      <Filter>ProtoLib\include</Filter>
    </ClInclude>
    <ClInclude Include="..\..\ProtoInclude\ProtoSphere.h">
      <Filter>ProtoLib\include</Filter>
    </ClInclude>
    <ClInclude Include="..\..\ProtoInclude\ProtoSpline3.h">
      <Filter>ProtoLib\include</Filter>
    </ClInclude>
    <ClInclude Include="..\..\ProtoInclude\ProtoTentacle.h">
      <Filter>ProtoLib\include</Filter>
    </ClInclude>
    <ClInclude Include="..\..\ProtoInclude\ProtoTessellator.h">
      <Filter>ProtoLib\include</Filter>
    </ClInclude>
    <ClInclude Include="..\..\ProtoInclude\ProtoTexture.h">
      <Filter>ProtoLib\include</Filter>
    </ClInclude>
    <ClInclude Include="..\..\ProtoInclude\ProtoToroid.h">
      <Filter>ProtoLib\include</Filter>
    </ClInclude>
    <ClInclude Include="..\..\ProtoInclude\ProtoTransformFunction.h">
      <Filter>ProtoLib\include</Filter>
    </ClInclude>
    <ClInclude Include="..\..\ProtoInclude\ProtoTube.h">
      <Filter>ProtoLib\include</Filter>
    </ClInclude>
    <ClInclude Include="..\..\ProtoInclude\ProtoTuple2.h">
      <Filter>ProtoLib\include</Filter>
    </ClInclude>
    <ClInclude Include="..\..\ProtoInclude\ProtoTuple3.h">
      <Filter>ProtoLib\include</Filter>
    </ClInclude>
    <ClInclude Include="..\..\ProtoInclude\ProtoTuple4.h">
      <Filter>ProtoLib\include</Filter>
    </ClInclude>
    <ClInclude Include="..\..\ProtoInclude\ProtoUtility.h">
      <Filter>ProtoLib\include</Filter>
    </ClInclude>
    <ClInclude Include="..\..\ProtoInclude\ProtoVector2.h">
      <Filter>ProtoLib\include</Filter>
    </ClInclude>
    <ClInclude Include="..\..\ProtoInclude\ProtoVector3.h">
      <Filter>ProtoLib\include</Filter>
    </ClInclude>
    <ClInclude Include="..\..\ProtoInclude\ProtoVector4.h">
      <Filter>ProtoLib\include</Filter>
    </ClInclude>
    <ClInclude Include="..\..\ProtoInclude\ProtoVerletBall.h">
      <Filter>ProtoLib\include</Filter>
    </ClInclude>
    <ClInclude Include="..\..\ProtoInclude\ProtoVerletStick.h">
      <Filter>ProtoLib\include</Filter>
    </ClInclude>
    <ClInclude Include="..\..\ProtoInclude\ProtoVertex3.h">
      <Filter>ProtoLib\include</Filter>
    </ClInclude>
    <ClInclude Include="ProtoController.h" />
    <ClInclude Include="..\..\ProtoInclude\ProtoContext.h">
      <Filter>ProtoLib\include</Filter>
    </ClInclude>
    <ClInclude Include="..\..\ProtoInclude\ProtoGeomComposite.h">
      <Filter>ProtoLib\include</Filter>
    </ClInclude>
  </ItemGroup>
</Project>